
Microsoft Visual Studio Solution File, Format Version 12.00
# Visual Studio Version 17
VisualStudioVersion = 17.6.33829.357
MinimumVisualStudioVersion = 10.0.40219.1
Project("{9A19103F-16F7-4668-BE54-9A1E7A4F7556}") = "AppInfoController", "AppInfoController\AppInfoController.csproj", "{A6763806-EA2D-466C-92E2-FA6487E18FCA}"
EndProject
Project("{FAE04EC0-301F-11D3-BF4B-00C04F79EFBC}") = "AppController", "AppController\AppController.csproj", "{F1EE0EE3-AFBC-4FEC-9B82-8C29DB9DE95B}"
EndProject
Project("{FAE04EC0-301F-11D3-BF4B-00C04F79EFBC}") = "TaskScheduler", "TaskScheduler\TaskScheduler.csproj", "{A87B10C2-F454-48E6-BD6E-1FD61D65363C}"
EndProject
Project("{FAE04EC0-301F-11D3-BF4B-00C04F79EFBC}") = "AppDownloader", "AppDownloader\AppDownloader.csproj", "{CD31D0D1-9099-4B26-858C-80C9FCAC6D9A}"
EndProject
Project("{FAE04EC0-301F-11D3-BF4B-00C04F79EFBC}") = "MicrophoneRecorder", "MicrophoneRecorder\MicrophoneRecorder.csproj", "{0BE65E1F-525B-46A4-9837-2F2EAF021E77}"
EndProject
Global
	GlobalSection(SolutionConfigurationPlatforms) = preSolution
		Debug|Any CPU = Debug|Any CPU
		Debug|x86 = Debug|x86
		Release|Any CPU = Release|Any CPU
		Release|x86 = Release|x86
	EndGlobalSection
	GlobalSection(ProjectConfigurationPlatforms) = postSolution
		{A6763806-EA2D-466C-92E2-FA6487E18FCA}.Debug|Any CPU.ActiveCfg = Debug|Any CPU
		{A6763806-EA2D-466C-92E2-FA6487E18FCA}.Debug|Any CPU.Build.0 = Debug|Any CPU
		{A6763806-EA2D-466C-92E2-FA6487E18FCA}.Debug|x86.ActiveCfg = Debug|Any CPU
		{A6763806-EA2D-466C-92E2-FA6487E18FCA}.Debug|x86.Build.0 = Debug|Any CPU
		{A6763806-EA2D-466C-92E2-FA6487E18FCA}.Release|Any CPU.ActiveCfg = Release|Any CPU
		{A6763806-EA2D-466C-92E2-FA6487E18FCA}.Release|Any CPU.Build.0 = Release|Any CPU
		{A6763806-EA2D-466C-92E2-FA6487E18FCA}.Release|x86.ActiveCfg = Release|Any CPU
		{A6763806-EA2D-466C-92E2-FA6487E18FCA}.Release|x86.Build.0 = Release|Any CPU
		{F1EE0EE3-AFBC-4FEC-9B82-8C29DB9DE95B}.Debug|Any CPU.ActiveCfg = Debug|Any CPU
		{F1EE0EE3-AFBC-4FEC-9B82-8C29DB9DE95B}.Debug|Any CPU.Build.0 = Debug|Any CPU
		{F1EE0EE3-AFBC-4FEC-9B82-8C29DB9DE95B}.Debug|x86.ActiveCfg = Debug|Any CPU
		{F1EE0EE3-AFBC-4FEC-9B82-8C29DB9DE95B}.Debug|x86.Build.0 = Debug|Any CPU
		{F1EE0EE3-AFBC-4FEC-9B82-8C29DB9DE95B}.Release|Any CPU.ActiveCfg = Release|Any CPU
		{F1EE0EE3-AFBC-4FEC-9B82-8C29DB9DE95B}.Release|Any CPU.Build.0 = Release|Any CPU
		{F1EE0EE3-AFBC-4FEC-9B82-8C29DB9DE95B}.Release|x86.ActiveCfg = Release|Any CPU
		{F1EE0EE3-AFBC-4FEC-9B82-8C29DB9DE95B}.Release|x86.Build.0 = Release|Any CPU
		{A87B10C2-F454-48E6-BD6E-1FD61D65363C}.Debug|Any CPU.ActiveCfg = Debug|Any CPU
		{A87B10C2-F454-48E6-BD6E-1FD61D65363C}.Debug|Any CPU.Build.0 = Debug|Any CPU
		{A87B10C2-F454-48E6-BD6E-1FD61D65363C}.Debug|x86.ActiveCfg = Debug|Any CPU
		{A87B10C2-F454-48E6-BD6E-1FD61D65363C}.Debug|x86.Build.0 = Debug|Any CPU
		{A87B10C2-F454-48E6-BD6E-1FD61D65363C}.Release|Any CPU.ActiveCfg = Release|Any CPU
		{A87B10C2-F454-48E6-BD6E-1FD61D65363C}.Release|Any CPU.Build.0 = Release|Any CPU
		{A87B10C2-F454-48E6-BD6E-1FD61D65363C}.Release|x86.ActiveCfg = Release|Any CPU
		{A87B10C2-F454-48E6-BD6E-1FD61D65363C}.Release|x86.Build.0 = Release|Any CPU
		{CD31D0D1-9099-4B26-858C-80C9FCAC6D9A}.Debug|Any CPU.ActiveCfg = Debug|Any CPU
		{CD31D0D1-9099-4B26-858C-80C9FCAC6D9A}.Debug|Any CPU.Build.0 = Debug|Any CPU
		{CD31D0D1-9099-4B26-858C-80C9FCAC6D9A}.Debug|x86.ActiveCfg = Debug|Any CPU
		{CD31D0D1-9099-4B26-858C-80C9FCAC6D9A}.Debug|x86.Build.0 = Debug|Any CPU
		{CD31D0D1-9099-4B26-858C-80C9FCAC6D9A}.Release|Any CPU.ActiveCfg = Release|Any CPU
		{CD31D0D1-9099-4B26-858C-80C9FCAC6D9A}.Release|Any CPU.Build.0 = Release|Any CPU
		{CD31D0D1-9099-4B26-858C-80C9FCAC6D9A}.Release|x86.ActiveCfg = Release|Any CPU
		{CD31D0D1-9099-4B26-858C-80C9FCAC6D9A}.Release|x86.Build.0 = Release|Any CPU
		{0BE65E1F-525B-46A4-9837-2F2EAF021E77}.Debug|Any CPU.ActiveCfg = Debug|Any CPU
		{0BE65E1F-525B-46A4-9837-2F2EAF021E77}.Debug|Any CPU.Build.0 = Debug|Any CPU
		{0BE65E1F-525B-46A4-9837-2F2EAF021E77}.Debug|x86.ActiveCfg = Debug|Any CPU
		{0BE65E1F-525B-46A4-9837-2F2EAF021E77}.Debug|x86.Build.0 = Debug|Any CPU
		{0BE65E1F-525B-46A4-9837-2F2EAF021E77}.Release|Any CPU.ActiveCfg = Release|Any CPU
		{0BE65E1F-525B-46A4-9837-2F2EAF021E77}.Release|Any CPU.Build.0 = Release|Any CPU
		{0BE65E1F-525B-46A4-9837-2F2EAF021E77}.Release|x86.ActiveCfg = Release|Any CPU
		{0BE65E1F-525B-46A4-9837-2F2EAF021E77}.Release|x86.Build.0 = Release|Any CPU
	EndGlobalSection
	GlobalSection(SolutionProperties) = preSolution
		HideSolutionNode = FALSE
	EndGlobalSection
	GlobalSection(ExtensibilityGlobals) = postSolution
		SolutionGuid = {D9AC732D-EE80-45E4-829D-0200207A663A}
	EndGlobalSection
EndGlobal
